
Microsoft Visual Studio Solution File, Format Version 12.00
# Visual Studio Version 17
VisualStudioVersion = 17.10.35013.160
MinimumVisualStudioVersion = 10.0.40219.1
Project("{FAE04EC0-301F-11D3-BF4B-00C04F79EFBC}") = "medicine-box-api.Api", "medicine-box-api\medicine-box-api.Api.csproj", "{1F82AB84-FE8B-4264-A411-C241DCF2AE00}"
EndProject
Project("{FAE04EC0-301F-11D3-BF4B-00C04F79EFBC}") = "medicine-box-api.Application", "medicine-box-api.Application\medicine-box-api.Application.csproj", "{DB94D852-3EE1-4B4A-9194-ADEDE35AC309}"
EndProject
Project("{FAE04EC0-301F-11D3-BF4B-00C04F79EFBC}") = "medicine-box-api.Domain", "medicine-box-api.Domain\medicine-box-api.Domain.csproj", "{F7F11D67-8720-4432-A793-31E070910725}"
EndProject
Project("{FAE04EC0-301F-11D3-BF4B-00C04F79EFBC}") = "medicine-box-api.Infraestructure", "medicine-box-api.Infraestructure\medicine-box-api.Infraestructure.csproj", "{DEE5A29A-86FA-46E3-9D14-E27D5DD26A31}"
EndProject
Global
	GlobalSection(SolutionConfigurationPlatforms) = preSolution
		Debug|Any CPU = Debug|Any CPU
		Release|Any CPU = Release|Any CPU
	EndGlobalSection
	GlobalSection(ProjectConfigurationPlatforms) = postSolution
		{1F82AB84-FE8B-4264-A411-C241DCF2AE00}.Debug|Any CPU.ActiveCfg = Debug|Any CPU
		{1F82AB84-FE8B-4264-A411-C241DCF2AE00}.Debug|Any CPU.Build.0 = Debug|Any CPU
		{1F82AB84-FE8B-4264-A411-C241DCF2AE00}.Release|Any CPU.ActiveCfg = Release|Any CPU
		{1F82AB84-FE8B-4264-A411-C241DCF2AE00}.Release|Any CPU.Build.0 = Release|Any CPU
		{DB94D852-3EE1-4B4A-9194-ADEDE35AC309}.Debug|Any CPU.ActiveCfg = Debug|Any CPU
		{DB94D852-3EE1-4B4A-9194-ADEDE35AC309}.Debug|Any CPU.Build.0 = Debug|Any CPU
		{DB94D852-3EE1-4B4A-9194-ADEDE35AC309}.Release|Any CPU.ActiveCfg = Release|Any CPU
		{DB94D852-3EE1-4B4A-9194-ADEDE35AC309}.Release|Any CPU.Build.0 = Release|Any CPU
		{F7F11D67-8720-4432-A793-31E070910725}.Debug|Any CPU.ActiveCfg = Debug|Any CPU
		{F7F11D67-8720-4432-A793-31E070910725}.Debug|Any CPU.Build.0 = Debug|Any CPU
		{F7F11D67-8720-4432-A793-31E070910725}.Release|Any CPU.ActiveCfg = Release|Any CPU
		{F7F11D67-8720-4432-A793-31E070910725}.Release|Any CPU.Build.0 = Release|Any CPU
		{DEE5A29A-86FA-46E3-9D14-E27D5DD26A31}.Debug|Any CPU.ActiveCfg = Debug|Any CPU
		{DEE5A29A-86FA-46E3-9D14-E27D5DD26A31}.Debug|Any CPU.Build.0 = Debug|Any CPU
		{DEE5A29A-86FA-46E3-9D14-E27D5DD26A31}.Release|Any CPU.ActiveCfg = Release|Any CPU
		{DEE5A29A-86FA-46E3-9D14-E27D5DD26A31}.Release|Any CPU.Build.0 = Release|Any CPU
	EndGlobalSection
	GlobalSection(SolutionProperties) = preSolution
		HideSolutionNode = FALSE
	EndGlobalSection
	GlobalSection(ExtensibilityGlobals) = postSolution
		SolutionGuid = {F4B9871E-A413-4FA0-BF1C-F23DB4F6207E}
	EndGlobalSection
EndGlobal
